// !$*UTF8*$!
{
	archiveVersion = 1;
	classes = {
	};
	objectVersion = 50;
	objects = {

/* Begin PBXBuildFile section */
		935A5A022479B4A700B85B87 /* DiceSelectionView.swift in Sources */ = {isa = PBXBuildFile; fileRef = 935A5A012479B4A700B85B87 /* DiceSelectionView.swift */; };
		93637894247621A100A1A7A3 /* AppDelegate.swift in Sources */ = {isa = PBXBuildFile; fileRef = 93637893247621A100A1A7A3 /* AppDelegate.swift */; };
		93637896247621A100A1A7A3 /* SceneDelegate.swift in Sources */ = {isa = PBXBuildFile; fileRef = 93637895247621A100A1A7A3 /* SceneDelegate.swift */; };
		93637898247621A100A1A7A3 /* DiceView.swift in Sources */ = {isa = PBXBuildFile; fileRef = 93637897247621A100A1A7A3 /* DiceView.swift */; };
		9363789A247621A200A1A7A3 /* Assets.xcassets in Resources */ = {isa = PBXBuildFile; fileRef = 93637899247621A200A1A7A3 /* Assets.xcassets */; };
		9363789D247621A200A1A7A3 /* Preview Assets.xcassets in Resources */ = {isa = PBXBuildFile; fileRef = 9363789C247621A200A1A7A3 /* Preview Assets.xcassets */; };
		936378A0247621A200A1A7A3 /* LaunchScreen.storyboard in Resources */ = {isa = PBXBuildFile; fileRef = 9363789E247621A200A1A7A3 /* LaunchScreen.storyboard */; };
		936378A82476239400A1A7A3 /* DiceDisplay.swift in Sources */ = {isa = PBXBuildFile; fileRef = 936378A72476239400A1A7A3 /* DiceDisplay.swift */; };
		936378AA2476277100A1A7A3 /* Dice.swift in Sources */ = {isa = PBXBuildFile; fileRef = 936378A92476277100A1A7A3 /* Dice.swift */; };
/* End PBXBuildFile section */

/* Begin PBXFileReference section */
		935A5A012479B4A700B85B87 /* DiceSelectionView.swift */ = {isa = PBXFileReference; lastKnownFileType = sourcecode.swift; path = DiceSelectionView.swift; sourceTree = "<group>"; };
		93637890247621A100A1A7A3 /* Railroad Ink Dice Roller.app */ = {isa = PBXFileReference; explicitFileType = wrapper.application; includeInIndex = 0; path = "Railroad Ink Dice Roller.app"; sourceTree = BUILT_PRODUCTS_DIR; };
		93637893247621A100A1A7A3 /* AppDelegate.swift */ = {isa = PBXFileReference; lastKnownFileType = sourcecode.swift; path = AppDelegate.swift; sourceTree = "<group>"; };
		93637895247621A100A1A7A3 /* SceneDelegate.swift */ = {isa = PBXFileReference; lastKnownFileType = sourcecode.swift; path = SceneDelegate.swift; sourceTree = "<group>"; };
		93637897247621A100A1A7A3 /* DiceView.swift */ = {isa = PBXFileReference; lastKnownFileType = sourcecode.swift; path = DiceView.swift; sourceTree = "<group>"; };
		93637899247621A200A1A7A3 /* Assets.xcassets */ = {isa = PBXFileReference; lastKnownFileType = folder.assetcatalog; path = Assets.xcassets; sourceTree = "<group>"; };
		9363789C247621A200A1A7A3 /* Preview Assets.xcassets */ = {isa = PBXFileReference; lastKnownFileType = folder.assetcatalog; path = "Preview Assets.xcassets"; sourceTree = "<group>"; };
		9363789F247621A200A1A7A3 /* Base */ = {isa = PBXFileReference; lastKnownFileType = file.storyboard; name = Base; path = Base.lproj/LaunchScreen.storyboard; sourceTree = "<group>"; };
		936378A1247621A200A1A7A3 /* Info.plist */ = {isa = PBXFileReference; lastKnownFileType = text.plist.xml; path = Info.plist; sourceTree = "<group>"; };
		936378A72476239400A1A7A3 /* DiceDisplay.swift */ = {isa = PBXFileReference; lastKnownFileType = sourcecode.swift; path = DiceDisplay.swift; sourceTree = "<group>"; };
		936378A92476277100A1A7A3 /* Dice.swift */ = {isa = PBXFileReference; lastKnownFileType = sourcecode.swift; path = Dice.swift; sourceTree = "<group>"; };
/* End PBXFileReference section */

/* Begin PBXFrameworksBuildPhase section */
		9363788D247621A100A1A7A3 /* Frameworks */ = {
			isa = PBXFrameworksBuildPhase;
			buildActionMask = 2147483647;
			files = (
			);
			runOnlyForDeploymentPostprocessing = 0;
		};
/* End PBXFrameworksBuildPhase section */

/* Begin PBXGroup section */
		93637887247621A100A1A7A3 = {
			isa = PBXGroup;
			children = (
				93637892247621A100A1A7A3 /* Railroad Ink Dice Roller */,
				93637891247621A100A1A7A3 /* Products */,
			);
			sourceTree = "<group>";
		};
		93637891247621A100A1A7A3 /* Products */ = {
			isa = PBXGroup;
			children = (
				93637890247621A100A1A7A3 /* Railroad Ink Dice Roller.app */,
			);
			name = Products;
			sourceTree = "<group>";
		};
		93637892247621A100A1A7A3 /* Railroad Ink Dice Roller */ = {
			isa = PBXGroup;
			children = (
				935A5A012479B4A700B85B87 /* DiceSelectionView.swift */,
				93637893247621A100A1A7A3 /* AppDelegate.swift */,
				93637895247621A100A1A7A3 /* SceneDelegate.swift */,
				93637897247621A100A1A7A3 /* DiceView.swift */,
				93637899247621A200A1A7A3 /* Assets.xcassets */,
				9363789E247621A200A1A7A3 /* LaunchScreen.storyboard */,
				936378A1247621A200A1A7A3 /* Info.plist */,
				9363789B247621A200A1A7A3 /* Preview Content */,
				936378A72476239400A1A7A3 /* DiceDisplay.swift */,
				936378A92476277100A1A7A3 /* Dice.swift */,
			);
			path = "Railroad Ink Dice Roller";
			sourceTree = "<group>";
		};
		9363789B247621A200A1A7A3 /* Preview Content */ = {
			isa = PBXGroup;
			children = (
				9363789C247621A200A1A7A3 /* Preview Assets.xcassets */,
			);
			path = "Preview Content";
			sourceTree = "<group>";
		};
/* End PBXGroup section */

/* Begin PBXNativeTarget section */
		9363788F247621A100A1A7A3 /* Railroad Ink Dice Roller */ = {
			isa = PBXNativeTarget;
			buildConfigurationList = 936378A4247621A200A1A7A3 /* Build configuration list for PBXNativeTarget "Railroad Ink Dice Roller" */;
			buildPhases = (
				9363788C247621A100A1A7A3 /* Sources */,
				9363788D247621A100A1A7A3 /* Frameworks */,
				9363788E247621A100A1A7A3 /* Resources */,
			);
			buildRules = (
			);
			dependencies = (
			);
			name = "Railroad Ink Dice Roller";
			productName = "Railroad Ink Dice Roller";
			productReference = 93637890247621A100A1A7A3 /* Railroad Ink Dice Roller.app */;
			productType = "com.apple.product-type.application";
		};
/* End PBXNativeTarget section */

/* Begin PBXProject section */
		93637888247621A100A1A7A3 /* Project object */ = {
			isa = PBXProject;
			attributes = {
				LastSwiftUpdateCheck = 1140;
				LastUpgradeCheck = 1140;
				ORGANIZATIONNAME = "Rhindon Computing";
				TargetAttributes = {
					9363788F247621A100A1A7A3 = {
						CreatedOnToolsVersion = 11.4.1;
					};
				};
			};
			buildConfigurationList = 9363788B247621A100A1A7A3 /* Build configuration list for PBXProject "Railroad Ink Dice Roller" */;
			compatibilityVersion = "Xcode 9.3";
			developmentRegion = en;
			hasScannedForEncodings = 0;
			knownRegions = (
				en,
				Base,
			);
			mainGroup = 93637887247621A100A1A7A3;
			productRefGroup = 93637891247621A100A1A7A3 /* Products */;
			projectDirPath = "";
			projectRoot = "";
			targets = (
				9363788F247621A100A1A7A3 /* Railroad Ink Dice Roller */,
			);
		};
/* End PBXProject section */

/* Begin PBXResourcesBuildPhase section */
		9363788E247621A100A1A7A3 /* Resources */ = {
			isa = PBXResourcesBuildPhase;
			buildActionMask = 2147483647;
			files = (
				936378A0247621A200A1A7A3 /* LaunchScreen.storyboard in Resources */,
				9363789D247621A200A1A7A3 /* Preview Assets.xcassets in Resources */,
				9363789A247621A200A1A7A3 /* Assets.xcassets in Resources */,
			);
			runOnlyForDeploymentPostprocessing = 0;
		};
/* End PBXResourcesBuildPhase section */

/* Begin PBXSourcesBuildPhase section */
		9363788C247621A100A1A7A3 /* Sources */ = {
			isa = PBXSourcesBuildPhase;
			buildActionMask = 2147483647;
			files = (
				935A5A022479B4A700B85B87 /* DiceSelectionView.swift in Sources */,
				93637894247621A100A1A7A3 /* AppDelegate.swift in Sources */,
				93637896247621A100A1A7A3 /* SceneDelegate.swift in Sources */,
				936378AA2476277100A1A7A3 /* Dice.swift in Sources */,
				93637898247621A100A1A7A3 /* DiceView.swift in Sources */,
				936378A82476239400A1A7A3 /* DiceDisplay.swift in Sources */,
			);
			runOnlyForDeploymentPostprocessing = 0;
		};
/* End PBXSourcesBuildPhase section */

/* Begin PBXVariantGroup section */
		9363789E247621A200A1A7A3 /* LaunchScreen.storyboard */ = {
			isa = PBXVariantGroup;
			children = (
				9363789F247621A200A1A7A3 /* Base */,
			);
			name = LaunchScreen.storyboard;
			sourceTree = "<group>";
		};
/* End PBXVariantGroup section */

/* Begin XCBuildConfiguration section */
		936378A2247621A200A1A7A3 /* Debug */ = {
			isa = XCBuildConfiguration;
			buildSettings = {
				ALWAYS_SEARCH_USER_PATHS = NO;
				CLANG_ANALYZER_NONNULL = YES;
				CLANG_ANALYZER_NUMBER_OBJECT_CONVERSION = YES_AGGRESSIVE;
				CLANG_CXX_LANGUAGE_STANDARD = "gnu++14";
				CLANG_CXX_LIBRARY = "libc++";
				CLANG_ENABLE_MODULES = YES;
				CLANG_ENABLE_OBJC_ARC = YES;
				CLANG_ENABLE_OBJC_WEAK = YES;
				CLANG_WARN_BLOCK_CAPTURE_AUTORELEASING = YES;
				CLANG_WARN_BOOL_CONVERSION = YES;
				CLANG_WARN_COMMA = YES;
				CLANG_WARN_CONSTANT_CONVERSION = YES;
				CLANG_WARN_DEPRECATED_OBJC_IMPLEMENTATIONS = YES;
				CLANG_WARN_DIRECT_OBJC_ISA_USAGE = YES_ERROR;
				CLANG_WARN_DOCUMENTATION_COMMENTS = YES;
				CLANG_WARN_EMPTY_BODY = YES;
				CLANG_WARN_ENUM_CONVERSION = YES;
				CLANG_WARN_INFINITE_RECURSION = YES;
				CLANG_WARN_INT_CONVERSION = YES;
				CLANG_WARN_NON_LITERAL_NULL_CONVERSION = YES;
				CLANG_WARN_OBJC_IMPLICIT_RETAIN_SELF = YES;
				CLANG_WARN_OBJC_LITERAL_CONVERSION = YES;
				CLANG_WARN_OBJC_ROOT_CLASS = YES_ERROR;
				CLANG_WARN_RANGE_LOOP_ANALYSIS = YES;
				CLANG_WARN_STRICT_PROTOTYPES = YES;
				CLANG_WARN_SUSPICIOUS_MOVE = YES;
				CLANG_WARN_UNGUARDED_AVAILABILITY = YES_AGGRESSIVE;
				CLANG_WARN_UNREACHABLE_CODE = YES;
				CLANG_WARN__DUPLICATE_METHOD_MATCH = YES;
				COPY_PHASE_STRIP = NO;
				DEBUG_INFORMATION_FORMAT = dwarf;
				ENABLE_STRICT_OBJC_MSGSEND = YES;
				ENABLE_TESTABILITY = YES;
				GCC_C_LANGUAGE_STANDARD = gnu11;
				GCC_DYNAMIC_NO_PIC = NO;
				GCC_NO_COMMON_BLOCKS = YES;
				GCC_OPTIMIZATION_LEVEL = 0;
				GCC_PREPROCESSOR_DEFINITIONS = (
					"DEBUG=1",
					"$(inherited)",
				);
				GCC_WARN_64_TO_32_BIT_CONVERSION = YES;
				GCC_WARN_ABOUT_RETURN_TYPE = YES_ERROR;
				GCC_WARN_UNDECLARED_SELECTOR = YES;
				GCC_WARN_UNINITIALIZED_AUTOS = YES_AGGRESSIVE;
				GCC_WARN_UNUSED_FUNCTION = YES;
				GCC_WARN_UNUSED_VARIABLE = YES;
				IPHONEOS_DEPLOYMENT_TARGET = 13.4;
				MTL_ENABLE_DEBUG_INFO = INCLUDE_SOURCE;
				MTL_FAST_MATH = YES;
				ONLY_ACTIVE_ARCH = YES;
				SDKROOT = iphoneos;
				SWIFT_ACTIVE_COMPILATION_CONDITIONS = DEBUG;
				SWIFT_OPTIMIZATION_LEVEL = "-Onone";
			};
			name = Debug;
		};
		936378A3247621A200A1A7A3 /* Release */ = {
			isa = XCBuildConfiguration;
			buildSettings = {
				ALWAYS_SEARCH_USER_PATHS = NO;
				CLANG_ANALYZER_NONNULL = YES;
				CLANG_ANALYZER_NUMBER_OBJECT_CONVERSION = YES_AGGRESSIVE;
				CLANG_CXX_LANGUAGE_STANDARD = "gnu++14";
				CLANG_CXX_LIBRARY = "libc++";
				CLANG_ENABLE_MODULES = YES;
				CLANG_ENABLE_OBJC_ARC = YES;
				CLANG_ENABLE_OBJC_WEAK = YES;
				CLANG_WARN_BLOCK_CAPTURE_AUTORELEASING = YES;
				CLANG_WARN_BOOL_CONVERSION = YES;
				CLANG_WARN_COMMA = YES;
				CLANG_WARN_CONSTANT_CONVERSION = YES;
				CLANG_WARN_DEPRECATED_OBJC_IMPLEMENTATIONS = YES;
				CLANG_WARN_DIRECT_OBJC_ISA_USAGE = YES_ERROR;
				CLANG_WARN_DOCUMENTATION_COMMENTS = YES;
				CLANG_WARN_EMPTY_BODY = YES;
				CLANG_WARN_ENUM_CONVERSION = YES;
				CLANG_WARN_INFINITE_RECURSION = YES;
				CLANG_WARN_INT_CONVERSION = YES;
				CLANG_WARN_NON_LITERAL_NULL_CONVERSION = YES;
				CLANG_WARN_OBJC_IMPLICIT_RETAIN_SELF = YES;
				CLANG_WARN_OBJC_LITERAL_CONVERSION = YES;
				CLANG_WARN_OBJC_ROOT_CLASS = YES_ERROR;
				CLANG_WARN_RANGE_LOOP_ANALYSIS = YES;
				CLANG_WARN_STRICT_PROTOTYPES = YES;
				CLANG_WARN_SUSPICIOUS_MOVE = YES;
				CLANG_WARN_UNGUARDED_AVAILABILITY = YES_AGGRESSIVE;
				CLANG_WARN_UNREACHABLE_CODE = YES;
				CLANG_WARN__DUPLICATE_METHOD_MATCH = YES;
				COPY_PHASE_STRIP = NO;
				DEBUG_INFORMATION_FORMAT = "dwarf-with-dsym";
				ENABLE_NS_ASSERTIONS = NO;
				ENABLE_STRICT_OBJC_MSGSEND = YES;
				GCC_C_LANGUAGE_STANDARD = gnu11;
				GCC_NO_COMMON_BLOCKS = YES;
				GCC_WARN_64_TO_32_BIT_CONVERSION = YES;
				GCC_WARN_ABOUT_RETURN_TYPE = YES_ERROR;
				GCC_WARN_UNDECLARED_SELECTOR = YES;
				GCC_WARN_UNINITIALIZED_AUTOS = YES_AGGRESSIVE;
				GCC_WARN_UNUSED_FUNCTION = YES;
				GCC_WARN_UNUSED_VARIABLE = YES;
				IPHONEOS_DEPLOYMENT_TARGET = 13.4;
				MTL_ENABLE_DEBUG_INFO = NO;
				MTL_FAST_MATH = YES;
				SDKROOT = iphoneos;
				SWIFT_COMPILATION_MODE = wholemodule;
				SWIFT_OPTIMIZATION_LEVEL = "-O";
				VALIDATE_PRODUCT = YES;
			};
			name = Release;
		};
		936378A5247621A200A1A7A3 /* Debug */ = {
			isa = XCBuildConfiguration;
			buildSettings = {
				ASSETCATALOG_COMPILER_APPICON_NAME = AppIcon;
				CODE_SIGN_STYLE = Automatic;
				DEVELOPMENT_ASSET_PATHS = "\"Railroad Ink Dice Roller/Preview Content\"";
				DEVELOPMENT_TEAM = LQZ9HX53KV;
				ENABLE_PREVIEWS = YES;
				INFOPLIST_FILE = "Railroad Ink Dice Roller/Info.plist";
				IPHONEOS_DEPLOYMENT_TARGET = 15.0;
				LD_RUNPATH_SEARCH_PATHS = (
					"$(inherited)",
					"@executable_path/Frameworks",
				);
				PRODUCT_BUNDLE_IDENTIFIER = "com.rhindoncomputing.Railroad-Ink-Dice-Roller";
				PRODUCT_NAME = "$(TARGET_NAME)";
				SWIFT_VERSION = 5.0;
				TARGETED_DEVICE_FAMILY = "1,2";
			};
			name = Debug;
		};
		936378A6247621A200A1A7A3 /* Release */ = {
			isa = XCBuildConfiguration;
			buildSettings = {
				ASSETCATALOG_COMPILER_APPICON_NAME = AppIcon;
				CODE_SIGN_STYLE = Automatic;
				DEVELOPMENT_ASSET_PATHS = "\"Railroad Ink Dice Roller/Preview Content\"";
				DEVELOPMENT_TEAM = LQZ9HX53KV;
				ENABLE_PREVIEWS = YES;
				INFOPLIST_FILE = "Railroad Ink Dice Roller/Info.plist";
				IPHONEOS_DEPLOYMENT_TARGET = 15.0;
				LD_RUNPATH_SEARCH_PATHS = (
					"$(inherited)",
					"@executable_path/Frameworks",
				);
				PRODUCT_BUNDLE_IDENTIFIER = "com.rhindoncomputing.Railroad-Ink-Dice-Roller";
				PRODUCT_NAME = "$(TARGET_NAME)";
				SWIFT_VERSION = 5.0;
				TARGETED_DEVICE_FAMILY = "1,2";
			};
			name = Release;
		};
/* End XCBuildConfiguration section */

/* Begin XCConfigurationList section */
		9363788B247621A100A1A7A3 /* Build configuration list for PBXProject "Railroad Ink Dice Roller" */ = {
			isa = XCConfigurationList;
			buildConfigurations = (
				936378A2247621A200A1A7A3 /* Debug */,
				936378A3247621A200A1A7A3 /* Release */,
			);
			defaultConfigurationIsVisible = 0;
			defaultConfigurationName = Release;
		};
		936378A4247621A200A1A7A3 /* Build configuration list for PBXNativeTarget "Railroad Ink Dice Roller" */ = {
			isa = XCConfigurationList;
			buildConfigurations = (
				936378A5247621A200A1A7A3 /* Debug */,
				936378A6247621A200A1A7A3 /* Release */,
			);
			defaultConfigurationIsVisible = 0;
			defaultConfigurationName = Release;
		};
/* End XCConfigurationList section */
	};
	rootObject = 93637888247621A100A1A7A3 /* Project object */;
}
